
Microsoft Visual Studio Solution File, Format Version 12.00
# Visual Studio Version 17
VisualStudioVersion = 17.3.32825.248
MinimumVisualStudioVersion = 10.0.40219.1
Project("{2150E333-8FDC-42A3-9474-1A3956D46DE8}") = "App", "App", "{FB0BB9B2-BD04-4EC3-9B35-15DC749E90D9}"
EndProject
Project("{9A19103F-16F7-4668-BE54-9A1E7A4F7556}") = "WebAPI", "src\App\WebAPI\WebAPI.csproj", "{8EC63830-5ADC-41CF-BECC-A995C52DD91B}"
EndProject
Project("{9A19103F-16F7-4668-BE54-9A1E7A4F7556}") = "ElevatorSystemBiz", "src\App\Biz\ElevatorSystemBiz.csproj", "{D648817D-4BC4-4AB5-AD48-A27ED66C1097}"
EndProject
Project("{2150E333-8FDC-42A3-9474-1A3956D46DE8}") = "Shared", "Shared", "{C9AC7F29-B891-41EB-B7C0-431B7B206C94}"
EndProject
Project("{2150E333-8FDC-42A3-9474-1A3956D46DE8}") = "Tests", "Tests", "{546757A2-85C1-457D-8786-97B615F70E7A}"
EndProject
Project("{9A19103F-16F7-4668-BE54-9A1E7A4F7556}") = "ElevatorSystemBizTest", "src\Tests\BizTest\ElevatorSystemBizTest.csproj", "{1EB1ED19-8F31-432A-86B3-45CFEEAF6145}"
EndProject
Project("{9A19103F-16F7-4668-BE54-9A1E7A4F7556}") = "WebApiTest", "src\Tests\WebAPITest\WebApiTest.csproj", "{3E59A097-12B5-40D9-8CD9-C83BDB9BF027}"
EndProject
Project("{9A19103F-16F7-4668-BE54-9A1E7A4F7556}") = "ElevatorSystem.Shared", "src\Shared\ElevatorSystem.Shared\ElevatorSystem.Shared.csproj", "{4427ABFF-0D25-4C06-B02F-E424E39CA263}"
EndProject
Project("{9A19103F-16F7-4668-BE54-9A1E7A4F7556}") = "Repo", "src\App\Repo\Repo.csproj", "{214F68BF-6BE1-4D20-87A8-A1D3880C5323}"
EndProject
Project("{9A19103F-16F7-4668-BE54-9A1E7A4F7556}") = "RepoTest", "src\Tests\RepoTest\RepoTest.csproj", "{7B660E99-813A-483A-B8C0-0AA2E645D734}"
EndProject
Project("{9A19103F-16F7-4668-BE54-9A1E7A4F7556}") = "ElevatorSystem.Entities", "src\Shared\ElevatorSystem.Entities\ElevatorSystem.Entities.csproj", "{4292F478-A0B1-4E9A-AE05-D20AECFDBCE0}"
EndProject
Project("{FAE04EC0-301F-11D3-BF4B-00C04F79EFBC}") = "EntitiesTest", "src\Tests\EntitiesTest\EntitiesTest.csproj", "{1BF88290-D93D-48C3-886F-DDE7A7A614F5}"
EndProject
Global
	GlobalSection(SolutionConfigurationPlatforms) = preSolution
		Debug|X64 = Debug|X64
		Release|X64 = Release|X64
	EndGlobalSection
	GlobalSection(ProjectConfigurationPlatforms) = postSolution
		{8EC63830-5ADC-41CF-BECC-A995C52DD91B}.Debug|X64.ActiveCfg = Debug|X64
		{8EC63830-5ADC-41CF-BECC-A995C52DD91B}.Debug|X64.Build.0 = Debug|X64
		{8EC63830-5ADC-41CF-BECC-A995C52DD91B}.Release|X64.ActiveCfg = Release|X64
		{8EC63830-5ADC-41CF-BECC-A995C52DD91B}.Release|X64.Build.0 = Release|X64
		{D648817D-4BC4-4AB5-AD48-A27ED66C1097}.Debug|X64.ActiveCfg = Debug|x64
		{D648817D-4BC4-4AB5-AD48-A27ED66C1097}.Debug|X64.Build.0 = Debug|x64
		{D648817D-4BC4-4AB5-AD48-A27ED66C1097}.Release|X64.ActiveCfg = Release|x64
		{D648817D-4BC4-4AB5-AD48-A27ED66C1097}.Release|X64.Build.0 = Release|x64
		{1EB1ED19-8F31-432A-86B3-45CFEEAF6145}.Debug|X64.ActiveCfg = Debug|x64
		{1EB1ED19-8F31-432A-86B3-45CFEEAF6145}.Debug|X64.Build.0 = Debug|x64
		{1EB1ED19-8F31-432A-86B3-45CFEEAF6145}.Release|X64.ActiveCfg = Release|x64
		{1EB1ED19-8F31-432A-86B3-45CFEEAF6145}.Release|X64.Build.0 = Release|x64
		{3E59A097-12B5-40D9-8CD9-C83BDB9BF027}.Debug|X64.ActiveCfg = Debug|x64
		{3E59A097-12B5-40D9-8CD9-C83BDB9BF027}.Debug|X64.Build.0 = Debug|x64
		{3E59A097-12B5-40D9-8CD9-C83BDB9BF027}.Release|X64.ActiveCfg = Release|x64
		{3E59A097-12B5-40D9-8CD9-C83BDB9BF027}.Release|X64.Build.0 = Release|x64
		{4427ABFF-0D25-4C06-B02F-E424E39CA263}.Debug|X64.ActiveCfg = Debug|x64
		{4427ABFF-0D25-4C06-B02F-E424E39CA263}.Debug|X64.Build.0 = Debug|x64
		{4427ABFF-0D25-4C06-B02F-E424E39CA263}.Release|X64.ActiveCfg = Release|x64
		{4427ABFF-0D25-4C06-B02F-E424E39CA263}.Release|X64.Build.0 = Release|x64
		{214F68BF-6BE1-4D20-87A8-A1D3880C5323}.Debug|X64.ActiveCfg = Debug|x64
		{214F68BF-6BE1-4D20-87A8-A1D3880C5323}.Debug|X64.Build.0 = Debug|x64
		{214F68BF-6BE1-4D20-87A8-A1D3880C5323}.Release|X64.ActiveCfg = Release|x64
		{214F68BF-6BE1-4D20-87A8-A1D3880C5323}.Release|X64.Build.0 = Release|x64
		{7B660E99-813A-483A-B8C0-0AA2E645D734}.Debug|X64.ActiveCfg = Debug|x64
		{7B660E99-813A-483A-B8C0-0AA2E645D734}.Debug|X64.Build.0 = Debug|x64
		{7B660E99-813A-483A-B8C0-0AA2E645D734}.Release|X64.ActiveCfg = Release|x64
		{7B660E99-813A-483A-B8C0-0AA2E645D734}.Release|X64.Build.0 = Release|x64
		{4292F478-A0B1-4E9A-AE05-D20AECFDBCE0}.Debug|X64.ActiveCfg = Debug|x64
		{4292F478-A0B1-4E9A-AE05-D20AECFDBCE0}.Debug|X64.Build.0 = Debug|x64
		{4292F478-A0B1-4E9A-AE05-D20AECFDBCE0}.Release|X64.ActiveCfg = Release|x64
		{4292F478-A0B1-4E9A-AE05-D20AECFDBCE0}.Release|X64.Build.0 = Release|x64
		{1BF88290-D93D-48C3-886F-DDE7A7A614F5}.Debug|X64.ActiveCfg = Debug|x64
		{1BF88290-D93D-48C3-886F-DDE7A7A614F5}.Debug|X64.Build.0 = Debug|x64
		{1BF88290-D93D-48C3-886F-DDE7A7A614F5}.Release|X64.ActiveCfg = Release|x64
		{1BF88290-D93D-48C3-886F-DDE7A7A614F5}.Release|X64.Build.0 = Release|x64
	EndGlobalSection
	GlobalSection(SolutionProperties) = preSolution
		HideSolutionNode = FALSE
	EndGlobalSection
	GlobalSection(NestedProjects) = preSolution
		{8EC63830-5ADC-41CF-BECC-A995C52DD91B} = {FB0BB9B2-BD04-4EC3-9B35-15DC749E90D9}
		{D648817D-4BC4-4AB5-AD48-A27ED66C1097} = {FB0BB9B2-BD04-4EC3-9B35-15DC749E90D9}
		{1EB1ED19-8F31-432A-86B3-45CFEEAF6145} = {546757A2-85C1-457D-8786-97B615F70E7A}
		{3E59A097-12B5-40D9-8CD9-C83BDB9BF027} = {546757A2-85C1-457D-8786-97B615F70E7A}
		{4427ABFF-0D25-4C06-B02F-E424E39CA263} = {C9AC7F29-B891-41EB-B7C0-431B7B206C94}
		{214F68BF-6BE1-4D20-87A8-A1D3880C5323} = {FB0BB9B2-BD04-4EC3-9B35-15DC749E90D9}
		{7B660E99-813A-483A-B8C0-0AA2E645D734} = {546757A2-85C1-457D-8786-97B615F70E7A}
		{4292F478-A0B1-4E9A-AE05-D20AECFDBCE0} = {C9AC7F29-B891-41EB-B7C0-431B7B206C94}
		{1BF88290-D93D-48C3-886F-DDE7A7A614F5} = {546757A2-85C1-457D-8786-97B615F70E7A}
	EndGlobalSection
	GlobalSection(ExtensibilityGlobals) = postSolution
		SolutionGuid = {C66E593E-A9A2-4BB8-85E5-4C97F2694ED8}
	EndGlobalSection
EndGlobal
